
Microsoft Visual Studio Solution File, Format Version 12.00
# Visual Studio Version 17
VisualStudioVersion = 17.5.33414.496
MinimumVisualStudioVersion = 10.0.40219.1
Project("{8BC9CEB8-8B4A-11D0-8D11-00A0C91BC942}") = "c++ Game", "c++ Game\c++ Game.vcxproj", "{E6CF5FE0-7985-4F8C-882F-F74A2545B9A3}"
EndProject
Project("{8BC9CEB8-8B4A-11D0-8D11-00A0C91BC942}") = "Tests", "Tests\Tests.vcxproj", "{354DCC68-35E4-4DE4-BF56-017AAD713054}"
EndProject
Global
	GlobalSection(SolutionConfigurationPlatforms) = preSolution
		Debug|x64 = Debug|x64
		Debug|x86 = Debug|x86
		Release|x64 = Release|x64
		Release|x86 = Release|x86
	EndGlobalSection
	GlobalSection(ProjectConfigurationPlatforms) = postSolution
		{E6CF5FE0-7985-4F8C-882F-F74A2545B9A3}.Debug|x64.ActiveCfg = Debug|x64
		{E6CF5FE0-7985-4F8C-882F-F74A2545B9A3}.Debug|x64.Build.0 = Debug|x64
		{E6CF5FE0-7985-4F8C-882F-F74A2545B9A3}.Debug|x86.ActiveCfg = Debug|Win32
		{E6CF5FE0-7985-4F8C-882F-F74A2545B9A3}.Debug|x86.Build.0 = Debug|Win32
		{E6CF5FE0-7985-4F8C-882F-F74A2545B9A3}.Release|x64.ActiveCfg = Release|x64
		{E6CF5FE0-7985-4F8C-882F-F74A2545B9A3}.Release|x64.Build.0 = Release|x64
		{E6CF5FE0-7985-4F8C-882F-F74A2545B9A3}.Release|x86.ActiveCfg = Release|Win32
		{E6CF5FE0-7985-4F8C-882F-F74A2545B9A3}.Release|x86.Build.0 = Release|Win32
		{354DCC68-35E4-4DE4-BF56-017AAD713054}.Debug|x64.ActiveCfg = Debug|x64
		{354DCC68-35E4-4DE4-BF56-017AAD713054}.Debug|x64.Build.0 = Debug|x64
		{354DCC68-35E4-4DE4-BF56-017AAD713054}.Debug|x86.ActiveCfg = Debug|Win32
		{354DCC68-35E4-4DE4-BF56-017AAD713054}.Debug|x86.Build.0 = Debug|Win32
		{354DCC68-35E4-4DE4-BF56-017AAD713054}.Release|x64.ActiveCfg = Release|x64
		{354DCC68-35E4-4DE4-BF56-017AAD713054}.Release|x64.Build.0 = Release|x64
		{354DCC68-35E4-4DE4-BF56-017AAD713054}.Release|x86.ActiveCfg = Release|Win32
		{354DCC68-35E4-4DE4-BF56-017AAD713054}.Release|x86.Build.0 = Release|Win32
	EndGlobalSection
	GlobalSection(SolutionProperties) = preSolution
		HideSolutionNode = FALSE
	EndGlobalSection
	GlobalSection(ExtensibilityGlobals) = postSolution
		SolutionGuid = {9D80D441-B273-4B18-87E4-748180BD0A33}
	EndGlobalSection
EndGlobal
